github.com/bluesky-social/indigo v0.0.0-20250408072029-63f3f48e1e16/go.mod h1:yjdhLA1LkK8VDS/WPUoYPo25/Hq/8rX38Ftr67EsqKY=
github.com/felixge/httpsnoop v1.0.4 h1:NFTV2Zj1bL4mc9sqWACXbQFVBBg2W3GPvqp8/ESS2Wg=
github.com/felixge/httpsnoop v1.0.4/go.mod h1:m8KPJKqk1gH5J9DgRY2ASl2lWCfGKXixSwevea8zH2U=
github.com/golang-jwt/jwt/v5 v5.2.2 h1:Rl4B7itRWVtYIHFrSNd7vhTiz9UpLdi6gZhZ3wEeDy8=
github.com/golang-jwt/jwt/v5 v5.2.2/go.mod h1:pqrtFR0X4osieyHYxtmOUWsAWrfe1Q5UVIyoH402zdk=
github.com/gorilla/handlers v1.5.2 h1:cLTUSsNkgcwhgRqvCNmdbRWG0A3N4F+M2nWKdScwyEE=
github.com/gorilla/handlers v1.5.2/go.mod h1:dX+xVpaxdSw+q0Qek8SSsl3dfMk3jNddUkMzo0GtH0w=
github.com/gorilla/mux v1.8.0 h1:i40aqfkR1h2SlN9hojwV5ZA91wcXFOvkdNIeFDP5koI=
github.com/gorilla/mux v1.8.0/go.mod h1:DVbg23sWSpFRCP0SfiEN6jmj59UnW/n46BH5rLB71So=
github.com/gorilla/websocket v1.5.1 h1:gmztn0JnHVt9JZquRuzLw3g4wouNVzKL15iLr/zn/QY=
github.com/gorilla/websocket v1.5.1/go.mod h1:x3kM2JMyaluk02fnUJpQuwD2dCS5NDG2ZHL0uE0tcaY=
github.com/reiver/go-erorr v0.0.0-20240801233437-8cbde6d1fa3f h1:D1QSxKHm8U73XhjsW3SFLkT0zT5pKJi+1KGboMhY1Rk=
github.com/reiver/go-erorr v0.0.0-20240801233437-8cbde6d1fa3f/go.mod h1:F0HbBf+Ak2ZlE8YkDW4Y+KxaUmT0KaaIJK6CXY3cJxE=
github.com/reiver/go-etag v0.0.0-20241130123934-1a98d29fda6e h1:2FJeuK9Uc6BGLnXz4QOyfPefILfXGoPxiyCpgwz0WMU=
github.com/reiver/go-etag v0.0.0-20241130123934-1a98d29fda6e/go.mod h1:TGoPFV3b4+PE2rF27XiFZLu6dg4faIEx7AUITCKyj4c=
github.com/reiver/go-json v0.0.0-20241213105958-0fd2a5bb4dd8 h1:GVHQl0cdITUj8EHeGi/v4n7H7DCRDLIiLcUXjFKes/U=
github.com/reiver/go-json v0.0.0-20241213105958-0fd2a5bb4dd8/go.mod h1:ns4kpzbK+OyMUZYT8UmBxrsYWNmvB/irZGmyIh99cxY=
github.com/reiver/go-jsonld v0.0.0-20241216235649-e851bd7e3ab6 h1:TSKZsxbubNUfECSRpiePBIyJwe4ak0XCC1HNHC5Wsns=
github.com/reiver/go-jsonld v0.0.0-20241216235649-e851bd7e3ab6/go.mod h1:sE1mTJZa0fGhHDlpATNcVNAzuCnvtUxahVSGkYjz0r4=
github.com/reiver/go-lck v0.0.0-20240808133902-b56df221c39f h1:KBVWBoNIM8mHkUR3dP64hm2p2vxoD5xHZ6wUllCjFTc=
github.com/reiver/go-lck v0.0.0-20240808133902-b56df221c39f/go.mod h1:PFseSi8S0CBkc+YB6jYWtogPk83LumclnYJZZBQJJhs=
github.com/reiver/go-opt v0.0.0-20240809035328-1ff08dec9bc4 h1:KQ/PDBRaJb69hmMmOs/jM8q679y9v51lY7tjX2FUkog=
github.com/reiver/go-opt v0.0.0-20240809035328-1ff08dec9bc4/go.mod h1:3lRqhDIwZ4OaMNN6Z5rmHCX8up18IkLGuw2rxP9GrYo=
github.com/reiver/go-path v0.0.0-20240327181650-5f2ee05890d8 h1:8JFCnRV4GVjP8XUFuXvCH42o4fXHSkGcUkfsloB+LeY=
github.com/reiver/go-path v0.0.0-20240327181650-5f2ee05890d8/go.mod h1:4H3fxXTRSuvWviraF1tFTVXhRciV8KFGq5tzo1gb2Tk=
golang.org/x/net v0.23.0 h1:7EYJ93RZ9vYSZAIb2x3lnuvqO5zneoD6IvWjuhfxjTs=
golang.org/x/net v0.23.0/go.mod h1:JKghWKKOSdJwpW2GEx0Ja7fmaKnMsbu+MWVZTokSYmg=
