github.com/gorilla/websocket v1.4.2 h1:+/TMaTYc4QFitKJxsQ7Yye35DkWvkdLcvGKqM+x0Ufc=
github.com/gorilla/websocket v1.4.2/go.mod h1:YR8l580nyteQvAITg2hZ9XVh4b55+EU/adAjf1fMHhE=
github.com/mmcomp/go-httprouter v0.0.0-20210725062000-660a4b43177a h1:4MMOQjPDTsYn0naC+AuBf4cOves3LE0QU4OkheKev70=
github.com/mmcomp/go-httprouter v0.0.0-20210725062000-660a4b43177a/go.mod h1:NVedyMu1sEntEWBwJsMriX2gK0Qzsu17Q37QxvwPRNE=
github.com/mmcomp/go-log v0.0.0-20210715133403-ea696e01f947 h1:SoTP/pKBpKdFi109QySZdxsdy+Rvtvf2Il+QIiyvHJE=
github.com/mmcomp/go-log v0.0.0-20210715133403-ea696e01f947/go.mod h1:i8FWyCykjMADh+wE8ZDh56AJmRh2Sx7nHfsJs+39bzc=
