github.com/mmcomp/go-log v0.0.0-20210715101530-c59f1f6d8163 h1:BO/9cJ4xH+9ofAPG4csXj/UOiDgme8bN+aA37pBkrsE=
github.com/mmcomp/go-log v0.0.0-20210715101530-c59f1f6d8163/go.mod h1:i8FWyCykjMADh+wE8ZDh56AJmRh2Sx7nHfsJs+39bzc=
github.com/mmcomp/go-log v0.0.0-20210715133403-ea696e01f947 h1:SoTP/pKBpKdFi109QySZdxsdy+Rvtvf2Il+QIiyvHJE=
github.com/mmcomp/go-log v0.0.0-20210715133403-ea696e01f947/go.mod h1:i8FWyCykjMADh+wE8ZDh56AJmRh2Sx7nHfsJs+39bzc=
